
Microsoft Visual Studio Solution File, Format Version 12.00
# Visual Studio Version 16
VisualStudioVersion = 16.0.31624.102
MinimumVisualStudioVersion = 10.0.40219.1
Project("{8BC9CEB8-8B4A-11D0-8D11-00A0C91BC942}") = "AquariusCore", "AquariusCore\AquariusCore.vcxproj", "{AEBB15D5-4A91-4448-87C6-F63E6DEF8E78}"
EndProject
Project("{8BC9CEB8-8B4A-11D0-8D11-00A0C91BC942}") = "CoreTest", "CoreTest\CoreTest.vcxproj", "{B959E0D7-7852-45B6-B430-FEF41260557E}"
EndProject
Project("{8BC9CEB8-8B4A-11D0-8D11-00A0C91BC942}") = "AquariusPyWrap", "AquariusPyWrap\AquariusPyWrap.vcxproj", "{ABBFAAF1-2F65-44FE-A658-ECF8CFD5C6A4}"
EndProject
Project("{8BC9CEB8-8B4A-11D0-8D11-00A0C91BC942}") = "TwoDJavaGameIntegrate", "TwoDJavaGameIntegrate\TwoDJavaGameIntegrate.vcxproj", "{90510483-DC4B-426A-AAA6-D4F78700D3AA}"
EndProject
Project("{8BC9CEB8-8B4A-11D0-8D11-00A0C91BC942}") = "AQSLTranspiler", "AQSLTranspiler\AQSLTranspiler.vcxproj", "{1352DA62-9A27-4E04-8814-F638C45D51C1}"
EndProject
Global
	GlobalSection(SolutionConfigurationPlatforms) = preSolution
		Release|x64 = Release|x64
		Release|x86 = Release|x86
	EndGlobalSection
	GlobalSection(ProjectConfigurationPlatforms) = postSolution
		{AEBB15D5-4A91-4448-87C6-F63E6DEF8E78}.Release|x64.ActiveCfg = Release|x64
		{AEBB15D5-4A91-4448-87C6-F63E6DEF8E78}.Release|x64.Build.0 = Release|x64
		{AEBB15D5-4A91-4448-87C6-F63E6DEF8E78}.Release|x86.ActiveCfg = Release|Win32
		{AEBB15D5-4A91-4448-87C6-F63E6DEF8E78}.Release|x86.Build.0 = Release|Win32
		{B959E0D7-7852-45B6-B430-FEF41260557E}.Release|x64.ActiveCfg = Release|x64
		{B959E0D7-7852-45B6-B430-FEF41260557E}.Release|x64.Build.0 = Release|x64
		{B959E0D7-7852-45B6-B430-FEF41260557E}.Release|x86.ActiveCfg = Release|Win32
		{B959E0D7-7852-45B6-B430-FEF41260557E}.Release|x86.Build.0 = Release|Win32
		{ABBFAAF1-2F65-44FE-A658-ECF8CFD5C6A4}.Release|x64.ActiveCfg = Release|x64
		{ABBFAAF1-2F65-44FE-A658-ECF8CFD5C6A4}.Release|x64.Build.0 = Release|x64
		{ABBFAAF1-2F65-44FE-A658-ECF8CFD5C6A4}.Release|x86.ActiveCfg = Release|Win32
		{ABBFAAF1-2F65-44FE-A658-ECF8CFD5C6A4}.Release|x86.Build.0 = Release|Win32
		{90510483-DC4B-426A-AAA6-D4F78700D3AA}.Release|x64.ActiveCfg = Release|x64
		{90510483-DC4B-426A-AAA6-D4F78700D3AA}.Release|x64.Build.0 = Release|x64
		{90510483-DC4B-426A-AAA6-D4F78700D3AA}.Release|x86.ActiveCfg = Release|Win32
		{90510483-DC4B-426A-AAA6-D4F78700D3AA}.Release|x86.Build.0 = Release|Win32
		{1352DA62-9A27-4E04-8814-F638C45D51C1}.Release|x64.ActiveCfg = Release|x64
		{1352DA62-9A27-4E04-8814-F638C45D51C1}.Release|x64.Build.0 = Release|x64
		{1352DA62-9A27-4E04-8814-F638C45D51C1}.Release|x86.ActiveCfg = Release|Win32
		{1352DA62-9A27-4E04-8814-F638C45D51C1}.Release|x86.Build.0 = Release|Win32
	EndGlobalSection
	GlobalSection(SolutionProperties) = preSolution
		HideSolutionNode = FALSE
	EndGlobalSection
	GlobalSection(ExtensibilityGlobals) = postSolution
		SolutionGuid = {9EA9D974-EB9D-49A6-B732-7D8C7B5915FB}
	EndGlobalSection
EndGlobal
